
Microsoft Visual Studio Solution File, Format Version 12.00
# Visual Studio Version 17
VisualStudioVersion = 17.14.37314.3 d17.14
MinimumVisualStudioVersion = 10.0.40219.1
Project("{FAE04EC0-301F-11D3-BF4B-00C04F79EFBC}") = "WebApplication1", "WebApplication1.csproj", "{92235000-77F3-413C-99A6-ACCD47DBFCC9}"
EndProject
Global
	GlobalSection(SolutionConfigurationPlatforms) = preSolution
		Debug|Any CPU = Debug|Any CPU
		Release|Any CPU = Release|Any CPU
	EndGlobalSection
	GlobalSection(ProjectConfigurationPlatforms) = postSolution
		{92235000-77F3-413C-99A6-ACCD47DBFCC9}.Debug|Any CPU.ActiveCfg = Debug|Any CPU
		{92235000-77F3-413C-99A6-ACCD47DBFCC9}.Debug|Any CPU.Build.0 = Debug|Any CPU
		{92235000-77F3-413C-99A6-ACCD47DBFCC9}.Release|Any CPU.ActiveCfg = Release|Any CPU
		{92235000-77F3-413C-99A6-ACCD47DBFCC9}.Release|Any CPU.Build.0 = Release|Any CPU
	EndGlobalSection
	GlobalSection(SolutionProperties) = preSolution
		HideSolutionNode = FALSE
	EndGlobalSection
	GlobalSection(ExtensibilityGlobals) = postSolution
		SolutionGuid = {EB3D0AFF-6EC1-4425-B1E0-E8D015D78C34}
	EndGlobalSection
EndGlobal
